<?xml version="1.0" encoding="utf-8"?>
<Project ToolsVersion="4.0" xmlns="http://schemas.microsoft.com/developer/msbuild/2003">
  <ItemGroup>
    <Filter Include="Resource Files">
      <UniqueIdentifier>{67DA6AB6-F800-4c08-8B7A-83BB121AAD01}</UniqueIdentifier>
      <Extensions>rc;ico;cur;bmp;dlg;rc2;rct;bin;rgs;gif;jpg;jpeg;jpe;resx;tiff;tif;png;wav;mfcribbon-ms</Extensions>
    </Filter>
    <Filter Include="Header Files">
      <UniqueIdentifier>{dbdf7aff-4ba7-44ea-a850-2ba5cef9ce28}</UniqueIdentifier>
    </Filter>
    <Filter Include="Source Files">
      <UniqueIdentifier>{80280903-f392-429c-9812-09bb4fdd4b21}</UniqueIdentifier>
    </Filter>
    <Filter Include="LibSass">
      <UniqueIdentifier>{b9d61faa-a8b4-44e5-9e74-58d686989973}</UniqueIdentifier>
    </Filter>
    <Filter Include="LibSass\Header Files">
      <UniqueIdentifier>{93995380-89BD-4b04-88EB-625FBE52EBFB}</UniqueIdentifier>
      <Extensions>h;hh;hpp;hxx;hm;inl;inc;xsd</Extensions>
    </Filter>
    <Filter Include="LibSass\Source Files">
      <UniqueIdentifier>{4FC737F1-C7A5-4376-A066-2A32D752A2FF}</UniqueIdentifier>
      <Extensions>cpp;c;cc;cxx;def;odl;idl;hpj;bat;asm;asmx</Extensions>
    </Filter>
  </ItemGroup>
  <ItemGroup Label="Headers">
    <ClInclude Include="posix\getopt.h">
      <Filter>Header Files</Filter>
    </ClInclude>
    <ClInclude Include="$(SASS_LIBSASS_PATH)\includes\sass.h">
      <Filter>LibSass\Header Files</Filter>
    </ClInclude>
    <ClInclude Include="$(SASS_LIBSASS_PATH)\includes\sass2scss.h">
      <Filter>LibSass\Header Files</Filter>
    </ClInclude>
    <ClInclude Include="$(SASS_LIBSASS_PATH)\includes\sass\base.h">
      <Filter>LibSass\Header Files</Filter>
    </ClInclude>
    <ClInclude Include="$(SASS_LIBSASS_PATH)\includes\sass\context.h">
      <Filter>LibSass\Header Files</Filter>
    </ClInclude>
    <ClInclude Include="$(SASS_LIBSASS_PATH)\includes\sass\functions.h">
      <Filter>LibSass\Header Files</Filter>
    </ClInclude>
    <ClInclude Include="$(SASS_LIBSASS_PATH)\includes\sass\values.h">
      <Filter>LibSass\Header Files</Filter>
    </ClInclude>
    <ClInclude Include="$(SASS_LIBSASS_PATH)\includes\sass\version.h">
      <Filter>LibSass\Header Files</Filter>
    </ClInclude>
    <ClInclude Include="$(SASS_LIBSASS_PATH)\src\b64\cencode.h">
      <Filter>LibSass\Header Files</Filter>
    </ClInclude>
    <ClInclude Include="$(SASS_LIBSASS_PATH)\src\sass.hpp">
      <Filter>LibSass\Header Files</Filter>
    </ClInclude>
    <ClInclude Include="$(SASS_LIBSASS_PATH)\src\sass_context.hpp">
      <Filter>LibSass\Header Files</Filter>
    </ClInclude>
    <ClInclude Include="$(SASS_LIBSASS_PATH)\src\sass_functions.hpp">
      <Filter>LibSass\Header Files</Filter>
    </ClInclude>
    <ClInclude Include="$(SASS_LIBSASS_PATH)\src\sass_values.hpp">
      <Filter>LibSass\Header Files</Filter>
    </ClInclude>
    <ClInclude Include="$(SASS_LIBSASS_PATH)\src\check_nesting.hpp">
      <Filter>LibSass\Header Files</Filter>
    </ClInclude>
    <ClInclude Include="$(SASS_LIBSASS_PATH)\includes\sass\version.h.in">
      <Filter>LibSass\Header Files</Filter>
    </ClInclude>
  </ItemGroup>
  <ItemGroup Label="Sources">
    <ClCompile Include="..\sassc.c">
      <Filter>Source Files</Filter>
    </ClCompile>
    <ClCompile Include="posix\getopt.c">
      <Filter>Source Files</Filter>
    </ClCompile>
    <ClCompile Condition="$(VisualStudioVersion) &lt; 14.0" Include="$(SASS_LIBSASS_PATH)\src\c99func.c">
      <Filter>LibSass\Source Files</Filter>
    </ClCompile>
    <ClCompile Include="$(SASS_LIBSASS_PATH)\src\check_nesting.cpp">
      <Filter>LibSass\Source Files</Filter>
    </ClCompile>
  </ItemGroup>
  <ItemGroup Label="LibSass Headers">
    <ClInclude Include="$(SASS_LIBSASS_PATH)\src\ast.hpp">
      <Filter>LibSass\Header Files</Filter>
    </ClInclude>
    <ClInclude Include="$(SASS_LIBSASS_PATH)\src\ast_def_macros.hpp">
      <Filter>LibSass\Header Files</Filter>
    </ClInclude>
    <ClInclude Include="$(SASS_LIBSASS_PATH)\src\ast_factory.hpp">
      <Filter>LibSass\Header Files</Filter>
    </ClInclude>
    <ClInclude Include="$(SASS_LIBSASS_PATH)\src\ast_fwd_decl.hpp">
      <Filter>LibSass\Header Files</Filter>
    </ClInclude>
    <ClInclude Include="$(SASS_LIBSASS_PATH)\src\backtrace.hpp">
      <Filter>LibSass\Header Files</Filter>
    </ClInclude>
    <ClInclude Include="$(SASS_LIBSASS_PATH)\src\base64vlq.hpp">
      <Filter>LibSass\Header Files</Filter>
    </ClInclude>
    <ClInclude Include="$(SASS_LIBSASS_PATH)\src\bind.hpp">
      <Filter>LibSass\Header Files</Filter>
    </ClInclude>
    <ClInclude Include="$(SASS_LIBSASS_PATH)\src\color_maps.hpp">
      <Filter>LibSass\Header Files</Filter>
    </ClInclude>
    <ClInclude Include="$(SASS_LIBSASS_PATH)\src\constants.hpp">
      <Filter>LibSass\Header Files</Filter>
    </ClInclude>
    <ClInclude Include="$(SASS_LIBSASS_PATH)\src\context.hpp">
      <Filter>LibSass\Header Files</Filter>
    </ClInclude>
    <ClInclude Include="$(SASS_LIBSASS_PATH)\src\cssize.hpp">
      <Filter>LibSass\Header Files</Filter>
    </ClInclude>
    <ClInclude Include="$(SASS_LIBSASS_PATH)\src\debug.hpp">
      <Filter>LibSass\Header Files</Filter>
    </ClInclude>
    <ClInclude Include="$(SASS_LIBSASS_PATH)\src\emitter.hpp">
      <Filter>LibSass\Header Files</Filter>
    </ClInclude>
    <ClInclude Include="$(SASS_LIBSASS_PATH)\src\environment.hpp">
      <Filter>LibSass\Header Files</Filter>
    </ClInclude>
    <ClInclude Include="$(SASS_LIBSASS_PATH)\src\error_handling.hpp">
      <Filter>LibSass\Header Files</Filter>
    </ClInclude>
    <ClInclude Include="$(SASS_LIBSASS_PATH)\src\eval.hpp">
      <Filter>LibSass\Header Files</Filter>
    </ClInclude>
    <ClInclude Include="$(SASS_LIBSASS_PATH)\src\expand.hpp">
      <Filter>LibSass\Header Files</Filter>
    </ClInclude>
    <ClInclude Include="$(SASS_LIBSASS_PATH)\src\extend.hpp">
      <Filter>LibSass\Header Files</Filter>
    </ClInclude>
    <ClInclude Include="$(SASS_LIBSASS_PATH)\src\file.hpp">
      <Filter>LibSass\Header Files</Filter>
    </ClInclude>
    <ClInclude Include="$(SASS_LIBSASS_PATH)\src\functions.hpp">
      <Filter>LibSass\Header Files</Filter>
    </ClInclude>
    <ClInclude Include="$(SASS_LIBSASS_PATH)\src\inspect.hpp">
      <Filter>LibSass\Header Files</Filter>
    </ClInclude>
    <ClInclude Include="$(SASS_LIBSASS_PATH)\src\json.hpp">
      <Filter>LibSass\Header Files</Filter>
    </ClInclude>
    <ClInclude Include="$(SASS_LIBSASS_PATH)\src\kwd_arg_macros.hpp">
      <Filter>LibSass\Header Files</Filter>
    </ClInclude>
    <ClInclude Include="$(SASS_LIBSASS_PATH)\src\lexer.hpp">
      <Filter>LibSass\Header Files</Filter>
    </ClInclude>
    <ClInclude Include="$(SASS_LIBSASS_PATH)\src\listize.hpp">
      <Filter>LibSass\Header Files</Filter>
    </ClInclude>
    <ClInclude Include="$(SASS_LIBSASS_PATH)\src\mapping.hpp">
      <Filter>LibSass\Header Files</Filter>
    </ClInclude>
    <ClInclude Include="$(SASS_LIBSASS_PATH)\src\memory_manager.hpp">
      <Filter>LibSass\Header Files</Filter>
    </ClInclude>
    <ClInclude Include="$(SASS_LIBSASS_PATH)\src\node.hpp">
      <Filter>LibSass\Header Files</Filter>
    </ClInclude>
    <ClInclude Include="$(SASS_LIBSASS_PATH)\src\operation.hpp">
      <Filter>LibSass\Header Files</Filter>
    </ClInclude>
    <ClInclude Include="$(SASS_LIBSASS_PATH)\src\output.hpp">
      <Filter>LibSass\Header Files</Filter>
    </ClInclude>
    <ClInclude Include="$(SASS_LIBSASS_PATH)\src\parser.hpp">
      <Filter>LibSass\Header Files</Filter>
    </ClInclude>
    <ClInclude Include="$(SASS_LIBSASS_PATH)\src\paths.hpp">
      <Filter>LibSass\Header Files</Filter>
    </ClInclude>
    <ClInclude Include="$(SASS_LIBSASS_PATH)\src\plugins.hpp">
      <Filter>LibSass\Header Files</Filter>
    </ClInclude>
    <ClInclude Include="$(SASS_LIBSASS_PATH)\src\position.hpp">
      <Filter>LibSass\Header Files</Filter>
    </ClInclude>
    <ClInclude Include="$(SASS_LIBSASS_PATH)\src\prelexer.hpp">
      <Filter>LibSass\Header Files</Filter>
    </ClInclude>
    <ClInclude Include="$(SASS_LIBSASS_PATH)\src\remove_placeholders.hpp">
      <Filter>LibSass\Header Files</Filter>
    </ClInclude>
    <ClInclude Include="$(SASS_LIBSASS_PATH)\src\sass_util.hpp">
      <Filter>LibSass\Header Files</Filter>
    </ClInclude>
    <ClInclude Include="$(SASS_LIBSASS_PATH)\src\source_map.hpp">
      <Filter>LibSass\Header Files</Filter>
    </ClInclude>
    <ClInclude Include="$(SASS_LIBSASS_PATH)\src\subset_map.hpp">
      <Filter>LibSass\Header Files</Filter>
    </ClInclude>
    <ClInclude Include="$(SASS_LIBSASS_PATH)\src\to_c.hpp">
      <Filter>LibSass\Header Files</Filter>
    </ClInclude>
    <ClInclude Include="$(SASS_LIBSASS_PATH)\src\to_value.hpp">
      <Filter>LibSass\Header Files</Filter>
    </ClInclude>
    <ClInclude Include="$(SASS_LIBSASS_PATH)\src\units.hpp">
      <Filter>LibSass\Header Files</Filter>
    </ClInclude>
    <ClInclude Include="$(SASS_LIBSASS_PATH)\src\utf8.h">
      <Filter>LibSass\Header Files</Filter>
    </ClInclude>
    <ClInclude Include="$(SASS_LIBSASS_PATH)\src\utf8\checked.h">
      <Filter>LibSass\Header Files</Filter>
    </ClInclude>
    <ClInclude Include="$(SASS_LIBSASS_PATH)\src\utf8\core.h">
      <Filter>LibSass\Header Files</Filter>
    </ClInclude>
    <ClInclude Include="$(SASS_LIBSASS_PATH)\src\utf8\unchecked.h">
      <Filter>LibSass\Header Files</Filter>
    </ClInclude>
    <ClInclude Include="$(SASS_LIBSASS_PATH)\src\utf8_string.hpp">
      <Filter>LibSass\Header Files</Filter>
    </ClInclude>
    <ClInclude Include="$(SASS_LIBSASS_PATH)\src\util.hpp">
      <Filter>LibSass\Header Files</Filter>
    </ClInclude>
    <ClInclude Include="$(SASS_LIBSASS_PATH)\src\values.hpp">
      <Filter>LibSass\Header Files</Filter>
    </ClInclude>
  </ItemGroup>
  <ItemGroup Label="LibSass Sources">
    <ClCompile Include="$(SASS_LIBSASS_PATH)\src\ast.cpp">
      <Filter>LibSass\Source Files</Filter>
    </ClCompile>
    <ClCompile Include="$(SASS_LIBSASS_PATH)\src\base64vlq.cpp">
      <Filter>LibSass\Source Files</Filter>
    </ClCompile>
    <ClCompile Include="$(SASS_LIBSASS_PATH)\src\bind.cpp">
      <Filter>LibSass\Source Files</Filter>
    </ClCompile>
    <ClCompile Include="$(SASS_LIBSASS_PATH)\src\cencode.c">
      <Filter>LibSass\Source Files</Filter>
    </ClCompile>
    <ClCompile Include="$(SASS_LIBSASS_PATH)\src\color_maps.cpp">
      <Filter>LibSass\Source Files</Filter>
    </ClCompile>
    <ClCompile Include="$(SASS_LIBSASS_PATH)\src\constants.cpp">
      <Filter>LibSass\Source Files</Filter>
    </ClCompile>
    <ClCompile Include="$(SASS_LIBSASS_PATH)\src\context.cpp">
      <Filter>LibSass\Source Files</Filter>
    </ClCompile>
    <ClCompile Include="$(SASS_LIBSASS_PATH)\src\cssize.cpp">
      <Filter>LibSass\Source Files</Filter>
    </ClCompile>
    <ClCompile Include="$(SASS_LIBSASS_PATH)\src\emitter.cpp">
      <Filter>LibSass\Source Files</Filter>
    </ClCompile>
    <ClCompile Include="$(SASS_LIBSASS_PATH)\src\environment.cpp">
      <Filter>LibSass\Source Files</Filter>
    </ClCompile>
    <ClCompile Include="$(SASS_LIBSASS_PATH)\src\error_handling.cpp">
      <Filter>LibSass\Source Files</Filter>
    </ClCompile>
    <ClCompile Include="$(SASS_LIBSASS_PATH)\src\eval.cpp">
      <Filter>LibSass\Source Files</Filter>
    </ClCompile>
    <ClCompile Include="$(SASS_LIBSASS_PATH)\src\expand.cpp">
      <Filter>LibSass\Source Files</Filter>
    </ClCompile>
    <ClCompile Include="$(SASS_LIBSASS_PATH)\src\extend.cpp">
      <Filter>LibSass\Source Files</Filter>
    </ClCompile>
    <ClCompile Include="$(SASS_LIBSASS_PATH)\src\file.cpp">
      <Filter>LibSass\Source Files</Filter>
    </ClCompile>
    <ClCompile Include="$(SASS_LIBSASS_PATH)\src\functions.cpp">
      <Filter>LibSass\Source Files</Filter>
    </ClCompile>
    <ClCompile Include="$(SASS_LIBSASS_PATH)\src\inspect.cpp">
      <Filter>LibSass\Source Files</Filter>
    </ClCompile>
    <ClCompile Include="$(SASS_LIBSASS_PATH)\src\json.cpp">
      <Filter>LibSass\Source Files</Filter>
    </ClCompile>
    <ClCompile Include="$(SASS_LIBSASS_PATH)\src\lexer.cpp">
      <Filter>LibSass\Source Files</Filter>
    </ClCompile>
    <ClCompile Include="$(SASS_LIBSASS_PATH)\src\listize.cpp">
      <Filter>LibSass\Source Files</Filter>
    </ClCompile>
    <ClCompile Include="$(SASS_LIBSASS_PATH)\src\memory_manager.cpp">
      <Filter>LibSass\Source Files</Filter>
    </ClCompile>
    <ClCompile Include="$(SASS_LIBSASS_PATH)\src\node.cpp">
      <Filter>LibSass\Source Files</Filter>
    </ClCompile>
    <ClCompile Include="$(SASS_LIBSASS_PATH)\src\output.cpp">
      <Filter>LibSass\Source Files</Filter>
    </ClCompile>
    <ClCompile Include="$(SASS_LIBSASS_PATH)\src\parser.cpp">
      <Filter>LibSass\Source Files</Filter>
    </ClCompile>
    <ClCompile Include="$(SASS_LIBSASS_PATH)\src\plugins.cpp">
      <Filter>LibSass\Source Files</Filter>
    </ClCompile>
    <ClCompile Include="$(SASS_LIBSASS_PATH)\src\position.cpp">
      <Filter>LibSass\Source Files</Filter>
    </ClCompile>
    <ClCompile Include="$(SASS_LIBSASS_PATH)\src\prelexer.cpp">
      <Filter>LibSass\Source Files</Filter>
    </ClCompile>
    <ClCompile Include="$(SASS_LIBSASS_PATH)\src\remove_placeholders.cpp">
      <Filter>LibSass\Source Files</Filter>
    </ClCompile>
    <ClCompile Include="$(SASS_LIBSASS_PATH)\src\sass.cpp">
      <Filter>LibSass\Source Files</Filter>
    </ClCompile>
    <ClCompile Include="$(SASS_LIBSASS_PATH)\src\sass_context.cpp">
      <Filter>LibSass\Source Files</Filter>
    </ClCompile>
    <ClCompile Include="$(SASS_LIBSASS_PATH)\src\sass_functions.cpp">
      <Filter>LibSass\Source Files</Filter>
    </ClCompile>
    <ClCompile Include="$(SASS_LIBSASS_PATH)\src\sass_util.cpp">
      <Filter>LibSass\Source Files</Filter>
    </ClCompile>
    <ClCompile Include="$(SASS_LIBSASS_PATH)\src\sass_values.cpp">
      <Filter>LibSass\Source Files</Filter>
    </ClCompile>
    <ClCompile Include="$(SASS_LIBSASS_PATH)\src\sass2scss.cpp">
      <Filter>LibSass\Source Files</Filter>
    </ClCompile>
    <ClCompile Include="$(SASS_LIBSASS_PATH)\src\source_map.cpp">
      <Filter>LibSass\Source Files</Filter>
    </ClCompile>
    <ClCompile Include="$(SASS_LIBSASS_PATH)\src\to_c.cpp">
      <Filter>LibSass\Source Files</Filter>
    </ClCompile>
    <ClCompile Include="$(SASS_LIBSASS_PATH)\src\to_value.cpp">
      <Filter>LibSass\Source Files</Filter>
    </ClCompile>
    <ClCompile Include="$(SASS_LIBSASS_PATH)\src\units.cpp">
      <Filter>LibSass\Source Files</Filter>
    </ClCompile>
    <ClCompile Include="$(SASS_LIBSASS_PATH)\src\utf8_string.cpp">
      <Filter>LibSass\Source Files</Filter>
    </ClCompile>
    <ClCompile Include="$(SASS_LIBSASS_PATH)\src\util.cpp">
      <Filter>LibSass\Source Files</Filter>
    </ClCompile>
    <ClCompile Include="$(SASS_LIBSASS_PATH)\src\values.cpp">
      <Filter>LibSass\Source Files</Filter>
    </ClCompile>
  </ItemGroup>
</Project>